
Microsoft Visual Studio Solution File, Format Version 12.00
# Visual Studio 15
VisualStudioVersion = 15.0.26124.0
MinimumVisualStudioVersion = 15.0.26124.0
Project("{2150E333-8FDC-42A3-9474-1A3956D46DE8}") = "src", "src", "{45D93175-4B42-4843-915A-98A8C526719E}"
EndProject
Project("{F2A71F9B-5D33-465A-A702-920D77279786}") = "Truco.Core", "src\Truco.Core\Truco.Core.fsproj", "{2D8776B9-A332-49F3-99C4-CCE6A1D1FCD5}"
EndProject
Project("{F2A71F9B-5D33-465A-A702-920D77279786}") = "Truco.Console", "src\Truco.Console\Truco.Console.fsproj", "{1AA0F2EB-67F0-4A08-AB5A-284EA6299A7B}"
EndProject
Project("{2150E333-8FDC-42A3-9474-1A3956D46DE8}") = "test", "test", "{C9DB4BD3-ECE9-4A10-AE2D-64383BFE96AA}"
EndProject
Project("{F2A71F9B-5D33-465A-A702-920D77279786}") = "Truco.Core.Test", "test\Truco.Core.Test\Truco.Core.Test.fsproj", "{A7C2ABF1-3E84-4223-BF08-EA8AF226FF37}"
EndProject
Global
	GlobalSection(SolutionConfigurationPlatforms) = preSolution
		Debug|Any CPU = Debug|Any CPU
		Debug|x64 = Debug|x64
		Debug|x86 = Debug|x86
		Release|Any CPU = Release|Any CPU
		Release|x64 = Release|x64
		Release|x86 = Release|x86
	EndGlobalSection
	GlobalSection(SolutionProperties) = preSolution
		HideSolutionNode = FALSE
	EndGlobalSection
	GlobalSection(ProjectConfigurationPlatforms) = postSolution
		{2D8776B9-A332-49F3-99C4-CCE6A1D1FCD5}.Debug|Any CPU.ActiveCfg = Debug|Any CPU
		{2D8776B9-A332-49F3-99C4-CCE6A1D1FCD5}.Debug|Any CPU.Build.0 = Debug|Any CPU
		{2D8776B9-A332-49F3-99C4-CCE6A1D1FCD5}.Debug|x64.ActiveCfg = Debug|Any CPU
		{2D8776B9-A332-49F3-99C4-CCE6A1D1FCD5}.Debug|x64.Build.0 = Debug|Any CPU
		{2D8776B9-A332-49F3-99C4-CCE6A1D1FCD5}.Debug|x86.ActiveCfg = Debug|Any CPU
		{2D8776B9-A332-49F3-99C4-CCE6A1D1FCD5}.Debug|x86.Build.0 = Debug|Any CPU
		{2D8776B9-A332-49F3-99C4-CCE6A1D1FCD5}.Release|Any CPU.ActiveCfg = Release|Any CPU
		{2D8776B9-A332-49F3-99C4-CCE6A1D1FCD5}.Release|Any CPU.Build.0 = Release|Any CPU
		{2D8776B9-A332-49F3-99C4-CCE6A1D1FCD5}.Release|x64.ActiveCfg = Release|Any CPU
		{2D8776B9-A332-49F3-99C4-CCE6A1D1FCD5}.Release|x64.Build.0 = Release|Any CPU
		{2D8776B9-A332-49F3-99C4-CCE6A1D1FCD5}.Release|x86.ActiveCfg = Release|Any CPU
		{2D8776B9-A332-49F3-99C4-CCE6A1D1FCD5}.Release|x86.Build.0 = Release|Any CPU
		{1AA0F2EB-67F0-4A08-AB5A-284EA6299A7B}.Debug|Any CPU.ActiveCfg = Debug|Any CPU
		{1AA0F2EB-67F0-4A08-AB5A-284EA6299A7B}.Debug|Any CPU.Build.0 = Debug|Any CPU
		{1AA0F2EB-67F0-4A08-AB5A-284EA6299A7B}.Debug|x64.ActiveCfg = Debug|Any CPU
		{1AA0F2EB-67F0-4A08-AB5A-284EA6299A7B}.Debug|x64.Build.0 = Debug|Any CPU
		{1AA0F2EB-67F0-4A08-AB5A-284EA6299A7B}.Debug|x86.ActiveCfg = Debug|Any CPU
		{1AA0F2EB-67F0-4A08-AB5A-284EA6299A7B}.Debug|x86.Build.0 = Debug|Any CPU
		{1AA0F2EB-67F0-4A08-AB5A-284EA6299A7B}.Release|Any CPU.ActiveCfg = Release|Any CPU
		{1AA0F2EB-67F0-4A08-AB5A-284EA6299A7B}.Release|Any CPU.Build.0 = Release|Any CPU
		{1AA0F2EB-67F0-4A08-AB5A-284EA6299A7B}.Release|x64.ActiveCfg = Release|Any CPU
		{1AA0F2EB-67F0-4A08-AB5A-284EA6299A7B}.Release|x64.Build.0 = Release|Any CPU
		{1AA0F2EB-67F0-4A08-AB5A-284EA6299A7B}.Release|x86.ActiveCfg = Release|Any CPU
		{1AA0F2EB-67F0-4A08-AB5A-284EA6299A7B}.Release|x86.Build.0 = Release|Any CPU
		{A7C2ABF1-3E84-4223-BF08-EA8AF226FF37}.Debug|Any CPU.ActiveCfg = Debug|Any CPU
		{A7C2ABF1-3E84-4223-BF08-EA8AF226FF37}.Debug|Any CPU.Build.0 = Debug|Any CPU
		{A7C2ABF1-3E84-4223-BF08-EA8AF226FF37}.Debug|x64.ActiveCfg = Debug|Any CPU
		{A7C2ABF1-3E84-4223-BF08-EA8AF226FF37}.Debug|x64.Build.0 = Debug|Any CPU
		{A7C2ABF1-3E84-4223-BF08-EA8AF226FF37}.Debug|x86.ActiveCfg = Debug|Any CPU
		{A7C2ABF1-3E84-4223-BF08-EA8AF226FF37}.Debug|x86.Build.0 = Debug|Any CPU
		{A7C2ABF1-3E84-4223-BF08-EA8AF226FF37}.Release|Any CPU.ActiveCfg = Release|Any CPU
		{A7C2ABF1-3E84-4223-BF08-EA8AF226FF37}.Release|Any CPU.Build.0 = Release|Any CPU
		{A7C2ABF1-3E84-4223-BF08-EA8AF226FF37}.Release|x64.ActiveCfg = Release|Any CPU
		{A7C2ABF1-3E84-4223-BF08-EA8AF226FF37}.Release|x64.Build.0 = Release|Any CPU
		{A7C2ABF1-3E84-4223-BF08-EA8AF226FF37}.Release|x86.ActiveCfg = Release|Any CPU
		{A7C2ABF1-3E84-4223-BF08-EA8AF226FF37}.Release|x86.Build.0 = Release|Any CPU
	EndGlobalSection
	GlobalSection(NestedProjects) = preSolution
		{2D8776B9-A332-49F3-99C4-CCE6A1D1FCD5} = {45D93175-4B42-4843-915A-98A8C526719E}
		{1AA0F2EB-67F0-4A08-AB5A-284EA6299A7B} = {45D93175-4B42-4843-915A-98A8C526719E}
		{A7C2ABF1-3E84-4223-BF08-EA8AF226FF37} = {C9DB4BD3-ECE9-4A10-AE2D-64383BFE96AA}
	EndGlobalSection
EndGlobal
